// !$*UTF8*$!
{
	archiveVersion = 1;
	classes = {
	};
	objectVersion = 50;
	objects = {

/* Begin PBXBuildFile section */
		770BEBEE2191806B002AA595 /* AppDelegate.swift in Sources */ = {isa = PBXBuildFile; fileRef = 770BEBED2191806B002AA595 /* AppDelegate.swift */; };
		770BEBF02191806B002AA595 /* ViewController.swift in Sources */ = {isa = PBXBuildFile; fileRef = 770BEBEF2191806B002AA595 /* ViewController.swift */; };
		770BEBF32191806B002AA595 /* Main.storyboard in Resources */ = {isa = PBXBuildFile; fileRef = 770BEBF12191806B002AA595 /* Main.storyboard */; };
		770BEBF52191806C002AA595 /* Assets.xcassets in Resources */ = {isa = PBXBuildFile; fileRef = 770BEBF42191806C002AA595 /* Assets.xcassets */; };
		770BEBF82191806C002AA595 /* LaunchScreen.storyboard in Resources */ = {isa = PBXBuildFile; fileRef = 770BEBF62191806C002AA595 /* LaunchScreen.storyboard */; };
		770BEC032191806C002AA595 /* NewsMLTests.swift in Sources */ = {isa = PBXBuildFile; fileRef = 770BEC022191806C002AA595 /* NewsMLTests.swift */; };
		770BEC0E2191806C002AA595 /* NewsMLUITests.swift in Sources */ = {isa = PBXBuildFile; fileRef = 770BEC0D2191806C002AA595 /* NewsMLUITests.swift */; };
		770BEC1C21918296002AA595 /* DocumentClassification.mlmodel in Sources */ = {isa = PBXBuildFile; fileRef = 770BEC1B21918296002AA595 /* DocumentClassification.mlmodel */; };
		770BEC1F2191844D002AA595 /* MLManager.swift in Sources */ = {isa = PBXBuildFile; fileRef = 770BEC1E2191844D002AA595 /* MLManager.swift */; };
		770BEC2121919442002AA595 /* WebScrapper.swift in Sources */ = {isa = PBXBuildFile; fileRef = 770BEC2021919442002AA595 /* WebScrapper.swift */; };
		AE4095DC7378ACFD99D4A6E2 /* Pods_NewsML.framework in Frameworks */ = {isa = PBXBuildFile; fileRef = 9C4B139DCBAF58DC890A968E /* Pods_NewsML.framework */; };
		B76FADBD94F374295AA8D140 /* Pods_NewsMLUITests.framework in Frameworks */ = {isa = PBXBuildFile; fileRef = DF15864EF8A3DB83C0DC106B /* Pods_NewsMLUITests.framework */; };
		D8EA327AD1DBB7546F6D92DF /* Pods_NewsMLTests.framework in Frameworks */ = {isa = PBXBuildFile; fileRef = 2554B299AFCEBDDFCE070F27 /* Pods_NewsMLTests.framework */; };
/* End PBXBuildFile section */

/* Begin PBXContainerItemProxy section */
		770BEBFF2191806C002AA595 /* PBXContainerItemProxy */ = {
			isa = PBXContainerItemProxy;
			containerPortal = 770BEBE22191806B002AA595 /* Project object */;
			proxyType = 1;
			remoteGlobalIDString = 770BEBE92191806B002AA595;
			remoteInfo = NewsML;
		};
		770BEC0A2191806C002AA595 /* PBXContainerItemProxy */ = {
			isa = PBXContainerItemProxy;
			containerPortal = 770BEBE22191806B002AA595 /* Project object */;
			proxyType = 1;
			remoteGlobalIDString = 770BEBE92191806B002AA595;
			remoteInfo = NewsML;
		};
/* End PBXContainerItemProxy section */

/* Begin PBXFileReference section */
		0B548E1DD369D432263F123E /* Pods-NewsMLTests.release.xcconfig */ = {isa = PBXFileReference; includeInIndex = 1; lastKnownFileType = text.xcconfig; name = "Pods-NewsMLTests.release.xcconfig"; path = "Pods/Target Support Files/Pods-NewsMLTests/Pods-NewsMLTests.release.xcconfig"; sourceTree = "<group>"; };
		0CAB77D9C503FC4F3349355B /* Pods-NewsMLUITests.release.xcconfig */ = {isa = PBXFileReference; includeInIndex = 1; lastKnownFileType = text.xcconfig; name = "Pods-NewsMLUITests.release.xcconfig"; path = "Pods/Target Support Files/Pods-NewsMLUITests/Pods-NewsMLUITests.release.xcconfig"; sourceTree = "<group>"; };
		214B89D89EF0A2E3C798CC04 /* Pods-NewsML.debug.xcconfig */ = {isa = PBXFileReference; includeInIndex = 1; lastKnownFileType = text.xcconfig; name = "Pods-NewsML.debug.xcconfig"; path = "Pods/Target Support Files/Pods-NewsML/Pods-NewsML.debug.xcconfig"; sourceTree = "<group>"; };
		2554B299AFCEBDDFCE070F27 /* Pods_NewsMLTests.framework */ = {isa = PBXFileReference; explicitFileType = wrapper.framework; includeInIndex = 0; path = Pods_NewsMLTests.framework; sourceTree = BUILT_PRODUCTS_DIR; };
		770BEBEA2191806B002AA595 /* NewsML.app */ = {isa = PBXFileReference; explicitFileType = wrapper.application; includeInIndex = 0; path = NewsML.app; sourceTree = BUILT_PRODUCTS_DIR; };
		770BEBED2191806B002AA595 /* AppDelegate.swift */ = {isa = PBXFileReference; lastKnownFileType = sourcecode.swift; path = AppDelegate.swift; sourceTree = "<group>"; };
		770BEBEF2191806B002AA595 /* ViewController.swift */ = {isa = PBXFileReference; lastKnownFileType = sourcecode.swift; path = ViewController.swift; sourceTree = "<group>"; };
		770BEBF22191806B002AA595 /* Base */ = {isa = PBXFileReference; lastKnownFileType = file.storyboard; name = Base; path = Base.lproj/Main.storyboard; sourceTree = "<group>"; };
		770BEBF42191806C002AA595 /* Assets.xcassets */ = {isa = PBXFileReference; lastKnownFileType = folder.assetcatalog; path = Assets.xcassets; sourceTree = "<group>"; };
		770BEBF72191806C002AA595 /* Base */ = {isa = PBXFileReference; lastKnownFileType = file.storyboard; name = Base; path = Base.lproj/LaunchScreen.storyboard; sourceTree = "<group>"; };
		770BEBF92191806C002AA595 /* Info.plist */ = {isa = PBXFileReference; lastKnownFileType = text.plist.xml; path = Info.plist; sourceTree = "<group>"; };
		770BEBFE2191806C002AA595 /* NewsMLTests.xctest */ = {isa = PBXFileReference; explicitFileType = wrapper.cfbundle; includeInIndex = 0; path = NewsMLTests.xctest; sourceTree = BUILT_PRODUCTS_DIR; };
		770BEC022191806C002AA595 /* NewsMLTests.swift */ = {isa = PBXFileReference; lastKnownFileType = sourcecode.swift; path = NewsMLTests.swift; sourceTree = "<group>"; };
		770BEC042191806C002AA595 /* Info.plist */ = {isa = PBXFileReference; lastKnownFileType = text.plist.xml; path = Info.plist; sourceTree = "<group>"; };
		770BEC092191806C002AA595 /* NewsMLUITests.xctest */ = {isa = PBXFileReference; explicitFileType = wrapper.cfbundle; includeInIndex = 0; path = NewsMLUITests.xctest; sourceTree = BUILT_PRODUCTS_DIR; };
		770BEC0D2191806C002AA595 /* NewsMLUITests.swift */ = {isa = PBXFileReference; lastKnownFileType = sourcecode.swift; path = NewsMLUITests.swift; sourceTree = "<group>"; };
		770BEC0F2191806C002AA595 /* Info.plist */ = {isa = PBXFileReference; lastKnownFileType = text.plist.xml; path = Info.plist; sourceTree = "<group>"; };
		770BEC1B21918296002AA595 /* DocumentClassification.mlmodel */ = {isa = PBXFileReference; lastKnownFileType = file.mlmodel; path = DocumentClassification.mlmodel; sourceTree = "<group>"; };
		770BEC1E2191844D002AA595 /* MLManager.swift */ = {isa = PBXFileReference; lastKnownFileType = sourcecode.swift; path = MLManager.swift; sourceTree = "<group>"; };
		770BEC2021919442002AA595 /* WebScrapper.swift */ = {isa = PBXFileReference; lastKnownFileType = sourcecode.swift; path = WebScrapper.swift; sourceTree = "<group>"; };
		8118A0A6048AFBD311BF4F9B /* Pods-NewsML.release.xcconfig */ = {isa = PBXFileReference; includeInIndex = 1; lastKnownFileType = text.xcconfig; name = "Pods-NewsML.release.xcconfig"; path = "Pods/Target Support Files/Pods-NewsML/Pods-NewsML.release.xcconfig"; sourceTree = "<group>"; };
		9C4B139DCBAF58DC890A968E /* Pods_NewsML.framework */ = {isa = PBXFileReference; explicitFileType = wrapper.framework; includeInIndex = 0; path = Pods_NewsML.framework; sourceTree = BUILT_PRODUCTS_DIR; };
		DF15864EF8A3DB83C0DC106B /* Pods_NewsMLUITests.framework */ = {isa = PBXFileReference; explicitFileType = wrapper.framework; includeInIndex = 0; path = Pods_NewsMLUITests.framework; sourceTree = BUILT_PRODUCTS_DIR; };
		ECD8AEB4F6619FE930F196F4 /* Pods-NewsMLTests.debug.xcconfig */ = {isa = PBXFileReference; includeInIndex = 1; lastKnownFileType = text.xcconfig; name = "Pods-NewsMLTests.debug.xcconfig"; path = "Pods/Target Support Files/Pods-NewsMLTests/Pods-NewsMLTests.debug.xcconfig"; sourceTree = "<group>"; };
		F16BE02EB06C4AA7E8AF3548 /* Pods-NewsMLUITests.debug.xcconfig */ = {isa = PBXFileReference; includeInIndex = 1; lastKnownFileType = text.xcconfig; name = "Pods-NewsMLUITests.debug.xcconfig"; path = "Pods/Target Support Files/Pods-NewsMLUITests/Pods-NewsMLUITests.debug.xcconfig"; sourceTree = "<group>"; };
/* End PBXFileReference section */

/* Begin PBXFrameworksBuildPhase section */
		770BEBE72191806B002AA595 /* Frameworks */ = {
			isa = PBXFrameworksBuildPhase;
			buildActionMask = 2147483647;
			files = (
				AE4095DC7378ACFD99D4A6E2 /* Pods_NewsML.framework in Frameworks */,
			);
			runOnlyForDeploymentPostprocessing = 0;
		};
		770BEBFB2191806C002AA595 /* Frameworks */ = {
			isa = PBXFrameworksBuildPhase;
			buildActionMask = 2147483647;
			files = (
				D8EA327AD1DBB7546F6D92DF /* Pods_NewsMLTests.framework in Frameworks */,
			);
			runOnlyForDeploymentPostprocessing = 0;
		};
		770BEC062191806C002AA595 /* Frameworks */ = {
			isa = PBXFrameworksBuildPhase;
			buildActionMask = 2147483647;
			files = (
				B76FADBD94F374295AA8D140 /* Pods_NewsMLUITests.framework in Frameworks */,
			);
			runOnlyForDeploymentPostprocessing = 0;
		};
/* End PBXFrameworksBuildPhase section */

/* Begin PBXGroup section */
		4395C83C9C57559108F1C993 /* Frameworks */ = {
			isa = PBXGroup;
			children = (
				9C4B139DCBAF58DC890A968E /* Pods_NewsML.framework */,
				2554B299AFCEBDDFCE070F27 /* Pods_NewsMLTests.framework */,
				DF15864EF8A3DB83C0DC106B /* Pods_NewsMLUITests.framework */,
			);
			name = Frameworks;
			sourceTree = "<group>";
		};
		770BEBE12191806B002AA595 = {
			isa = PBXGroup;
			children = (
				770BEBEC2191806B002AA595 /* NewsML */,
				770BEC012191806C002AA595 /* NewsMLTests */,
				770BEC0C2191806C002AA595 /* NewsMLUITests */,
				770BEBEB2191806B002AA595 /* Products */,
				8F9CA3A23B3B23C43BC15D6C /* Pods */,
				4395C83C9C57559108F1C993 /* Frameworks */,
			);
			sourceTree = "<group>";
		};
		770BEBEB2191806B002AA595 /* Products */ = {
			isa = PBXGroup;
			children = (
				770BEBEA2191806B002AA595 /* NewsML.app */,
				770BEBFE2191806C002AA595 /* NewsMLTests.xctest */,
				770BEC092191806C002AA595 /* NewsMLUITests.xctest */,
			);
			name = Products;
			sourceTree = "<group>";
		};
		770BEBEC2191806B002AA595 /* NewsML */ = {
			isa = PBXGroup;
			children = (
				770BEC1D21918433002AA595 /* CoreML */,
				770BEBED2191806B002AA595 /* AppDelegate.swift */,
				770BEC2021919442002AA595 /* WebScrapper.swift */,
				770BEBEF2191806B002AA595 /* ViewController.swift */,
				770BEBF12191806B002AA595 /* Main.storyboard */,
				770BEBF42191806C002AA595 /* Assets.xcassets */,
				770BEBF62191806C002AA595 /* LaunchScreen.storyboard */,
				770BEBF92191806C002AA595 /* Info.plist */,
			);
			path = NewsML;
			sourceTree = "<group>";
		};
		770BEC012191806C002AA595 /* NewsMLTests */ = {
			isa = PBXGroup;
			children = (
				770BEC022191806C002AA595 /* NewsMLTests.swift */,
				770BEC042191806C002AA595 /* Info.plist */,
			);
			path = NewsMLTests;
			sourceTree = "<group>";
		};
		770BEC0C2191806C002AA595 /* NewsMLUITests */ = {
			isa = PBXGroup;
			children = (
				770BEC0D2191806C002AA595 /* NewsMLUITests.swift */,
				770BEC0F2191806C002AA595 /* Info.plist */,
			);
			path = NewsMLUITests;
			sourceTree = "<group>";
		};
		770BEC1D21918433002AA595 /* CoreML */ = {
			isa = PBXGroup;
			children = (
				770BEC1B21918296002AA595 /* DocumentClassification.mlmodel */,
				770BEC1E2191844D002AA595 /* MLManager.swift */,
			);
			path = CoreML;
			sourceTree = "<group>";
		};
		8F9CA3A23B3B23C43BC15D6C /* Pods */ = {
			isa = PBXGroup;
			children = (
				214B89D89EF0A2E3C798CC04 /* Pods-NewsML.debug.xcconfig */,
				8118A0A6048AFBD311BF4F9B /* Pods-NewsML.release.xcconfig */,
				ECD8AEB4F6619FE930F196F4 /* Pods-NewsMLTests.debug.xcconfig */,
				0B548E1DD369D432263F123E /* Pods-NewsMLTests.release.xcconfig */,
				F16BE02EB06C4AA7E8AF3548 /* Pods-NewsMLUITests.debug.xcconfig */,
				0CAB77D9C503FC4F3349355B /* Pods-NewsMLUITests.release.xcconfig */,
			);
			name = Pods;
			sourceTree = "<group>";
		};
/* End PBXGroup section */

/* Begin PBXNativeTarget section */
		770BEBE92191806B002AA595 /* NewsML */ = {
			isa = PBXNativeTarget;
			buildConfigurationList = 770BEC122191806C002AA595 /* Build configuration list for PBXNativeTarget "NewsML" */;
			buildPhases = (
				869FAFCD06B08BB83A01A626 /* [CP] Check Pods Manifest.lock */,
				770BEBE62191806B002AA595 /* Sources */,
				770BEBE72191806B002AA595 /* Frameworks */,
				770BEBE82191806B002AA595 /* Resources */,
				8273FC816E319FB7D199EE2C /* [CP] Embed Pods Frameworks */,
			);
			buildRules = (
			);
			dependencies = (
			);
			name = NewsML;
			productName = NewsML;
			productReference = 770BEBEA2191806B002AA595 /* NewsML.app */;
			productType = "com.apple.product-type.application";
		};
		770BEBFD2191806C002AA595 /* NewsMLTests */ = {
			isa = PBXNativeTarget;
			buildConfigurationList = 770BEC152191806C002AA595 /* Build configuration list for PBXNativeTarget "NewsMLTests" */;
			buildPhases = (
				0B4A01C05B3AC29B3EE1C103 /* [CP] Check Pods Manifest.lock */,
				770BEBFA2191806C002AA595 /* Sources */,
				770BEBFB2191806C002AA595 /* Frameworks */,
				770BEBFC2191806C002AA595 /* Resources */,
			);
			buildRules = (
			);
			dependencies = (
				770BEC002191806C002AA595 /* PBXTargetDependency */,
			);
			name = NewsMLTests;
			productName = NewsMLTests;
			productReference = 770BEBFE2191806C002AA595 /* NewsMLTests.xctest */;
			productType = "com.apple.product-type.bundle.unit-test";
		};
		770BEC082191806C002AA595 /* NewsMLUITests */ = {
			isa = PBXNativeTarget;
			buildConfigurationList = 770BEC182191806C002AA595 /* Build configuration list for PBXNativeTarget "NewsMLUITests" */;
			buildPhases = (
				DF90F900EC887CC97495867B /* [CP] Check Pods Manifest.lock */,
				770BEC052191806C002AA595 /* Sources */,
				770BEC062191806C002AA595 /* Frameworks */,
				770BEC072191806C002AA595 /* Resources */,
			);
			buildRules = (
			);
			dependencies = (
				770BEC0B2191806C002AA595 /* PBXTargetDependency */,
			);
			name = NewsMLUITests;
			productName = NewsMLUITests;
			productReference = 770BEC092191806C002AA595 /* NewsMLUITests.xctest */;
			productType = "com.apple.product-type.bundle.ui-testing";
		};
/* End PBXNativeTarget section */

/* Begin PBXProject section */
		770BEBE22191806B002AA595 /* Project object */ = {
			isa = PBXProject;
			attributes = {
				LastSwiftUpdateCheck = 1010;
				LastUpgradeCheck = 1010;
				ORGANIZATIONNAME = "Tallal Javed";
				TargetAttributes = {
					770BEBE92191806B002AA595 = {
						CreatedOnToolsVersion = 10.1;
					};
					770BEBFD2191806C002AA595 = {
						CreatedOnToolsVersion = 10.1;
						TestTargetID = 770BEBE92191806B002AA595;
					};
					770BEC082191806C002AA595 = {
						CreatedOnToolsVersion = 10.1;
						TestTargetID = 770BEBE92191806B002AA595;
					};
				};
			};
			buildConfigurationList = 770BEBE52191806B002AA595 /* Build configuration list for PBXProject "NewsML" */;
			compatibilityVersion = "Xcode 9.3";
			developmentRegion = en;
			hasScannedForEncodings = 0;
			knownRegions = (
				en,
				Base,
			);
			mainGroup = 770BEBE12191806B002AA595;
			productRefGroup = 770BEBEB2191806B002AA595 /* Products */;
			projectDirPath = "";
			projectRoot = "";
			targets = (
				770BEBE92191806B002AA595 /* NewsML */,
				770BEBFD2191806C002AA595 /* NewsMLTests */,
				770BEC082191806C002AA595 /* NewsMLUITests */,
			);
		};
/* End PBXProject section */

/* Begin PBXResourcesBuildPhase section */
		770BEBE82191806B002AA595 /* Resources */ = {
			isa = PBXResourcesBuildPhase;
			buildActionMask = 2147483647;
			files = (
				770BEBF82191806C002AA595 /* LaunchScreen.storyboard in Resources */,
				770BEBF52191806C002AA595 /* Assets.xcassets in Resources */,
				770BEBF32191806B002AA595 /* Main.storyboard in Resources */,
			);
			runOnlyForDeploymentPostprocessing = 0;
		};
		770BEBFC2191806C002AA595 /* Resources */ = {
			isa = PBXResourcesBuildPhase;
			buildActionMask = 2147483647;
			files = (
			);
			runOnlyForDeploymentPostprocessing = 0;
		};
		770BEC072191806C002AA595 /* Resources */ = {
			isa = PBXResourcesBuildPhase;
			buildActionMask = 2147483647;
			files = (
			);
			runOnlyForDeploymentPostprocessing = 0;
		};
/* End PBXResourcesBuildPhase section */

/* Begin PBXShellScriptBuildPhase section */
		0B4A01C05B3AC29B3EE1C103 /* [CP] Check Pods Manifest.lock */ = {
			isa = PBXShellScriptBuildPhase;
			buildActionMask = 2147483647;
			files = (
			);
			inputPaths = (
				"${PODS_PODFILE_DIR_PATH}/Podfile.lock",
				"${PODS_ROOT}/Manifest.lock",
			);
			name = "[CP] Check Pods Manifest.lock";
			outputPaths = (
				"$(DERIVED_FILE_DIR)/Pods-NewsMLTests-checkManifestLockResult.txt",
			);
			runOnlyForDeploymentPostprocessing = 0;
			shellPath = /bin/sh;
			shellScript = "diff \"${PODS_PODFILE_DIR_PATH}/Podfile.lock\" \"${PODS_ROOT}/Manifest.lock\" > /dev/null\nif [ $? != 0 ] ; then\n    # print error to STDERR\n    echo \"error: The sandbox is not in sync with the Podfile.lock. Run 'pod install' or update your CocoaPods installation.\" >&2\n    exit 1\nfi\n# This output is used by Xcode 'outputs' to avoid re-running this script phase.\necho \"SUCCESS\" > \"${SCRIPT_OUTPUT_FILE_0}\"\n";
			showEnvVarsInLog = 0;
		};
		8273FC816E319FB7D199EE2C /* [CP] Embed Pods Frameworks */ = {
			isa = PBXShellScriptBuildPhase;
			buildActionMask = 2147483647;
			files = (
			);
			inputPaths = (
				"${SRCROOT}/Pods/Target Support Files/Pods-NewsML/Pods-NewsML-frameworks.sh",
				"${BUILT_PRODUCTS_DIR}/Alamofire/Alamofire.framework",
			);
			name = "[CP] Embed Pods Frameworks";
			outputPaths = (
				"${TARGET_BUILD_DIR}/${FRAMEWORKS_FOLDER_PATH}/Alamofire.framework",
			);
			runOnlyForDeploymentPostprocessing = 0;
			shellPath = /bin/sh;
			shellScript = "\"${SRCROOT}/Pods/Target Support Files/Pods-NewsML/Pods-NewsML-frameworks.sh\"\n";
			showEnvVarsInLog = 0;
		};
		869FAFCD06B08BB83A01A626 /* [CP] Check Pods Manifest.lock */ = {
			isa = PBXShellScriptBuildPhase;
			buildActionMask = 2147483647;
			files = (
			);
			inputPaths = (
				"${PODS_PODFILE_DIR_PATH}/Podfile.lock",
				"${PODS_ROOT}/Manifest.lock",
			);
			name = "[CP] Check Pods Manifest.lock";
			outputPaths = (
				"$(DERIVED_FILE_DIR)/Pods-NewsML-checkManifestLockResult.txt",
			);
			runOnlyForDeploymentPostprocessing = 0;
			shellPath = /bin/sh;
			shellScript = "diff \"${PODS_PODFILE_DIR_PATH}/Podfile.lock\" \"${PODS_ROOT}/Manifest.lock\" > /dev/null\nif [ $? != 0 ] ; then\n    # print error to STDERR\n    echo \"error: The sandbox is not in sync with the Podfile.lock. Run 'pod install' or update your CocoaPods installation.\" >&2\n    exit 1\nfi\n# This output is used by Xcode 'outputs' to avoid re-running this script phase.\necho \"SUCCESS\" > \"${SCRIPT_OUTPUT_FILE_0}\"\n";
			showEnvVarsInLog = 0;
		};
		DF90F900EC887CC97495867B /* [CP] Check Pods Manifest.lock */ = {
			isa = PBXShellScriptBuildPhase;
			buildActionMask = 2147483647;
			files = (
			);
			inputPaths = (
				"${PODS_PODFILE_DIR_PATH}/Podfile.lock",
				"${PODS_ROOT}/Manifest.lock",
			);
			name = "[CP] Check Pods Manifest.lock";
			outputPaths = (
				"$(DERIVED_FILE_DIR)/Pods-NewsMLUITests-checkManifestLockResult.txt",
			);
			runOnlyForDeploymentPostprocessing = 0;
			shellPath = /bin/sh;
			shellScript = "diff \"${PODS_PODFILE_DIR_PATH}/Podfile.lock\" \"${PODS_ROOT}/Manifest.lock\" > /dev/null\nif [ $? != 0 ] ; then\n    # print error to STDERR\n    echo \"error: The sandbox is not in sync with the Podfile.lock. Run 'pod install' or update your CocoaPods installation.\" >&2\n    exit 1\nfi\n# This output is used by Xcode 'outputs' to avoid re-running this script phase.\necho \"SUCCESS\" > \"${SCRIPT_OUTPUT_FILE_0}\"\n";
			showEnvVarsInLog = 0;
		};
/* End PBXShellScriptBuildPhase section */

/* Begin PBXSourcesBuildPhase section */
		770BEBE62191806B002AA595 /* Sources */ = {
			isa = PBXSourcesBuildPhase;
			buildActionMask = 2147483647;
			files = (
				770BEC2121919442002AA595 /* WebScrapper.swift in Sources */,
				770BEBF02191806B002AA595 /* ViewController.swift in Sources */,
				770BEBEE2191806B002AA595 /* AppDelegate.swift in Sources */,
				770BEC1F2191844D002AA595 /* MLManager.swift in Sources */,
				770BEC1C21918296002AA595 /* DocumentClassification.mlmodel in Sources */,
			);
			runOnlyForDeploymentPostprocessing = 0;
		};
		770BEBFA2191806C002AA595 /* Sources */ = {
			isa = PBXSourcesBuildPhase;
			buildActionMask = 2147483647;
			files = (
				770BEC032191806C002AA595 /* NewsMLTests.swift in Sources */,
			);
			runOnlyForDeploymentPostprocessing = 0;
		};
		770BEC052191806C002AA595 /* Sources */ = {
			isa = PBXSourcesBuildPhase;
			buildActionMask = 2147483647;
			files = (
				770BEC0E2191806C002AA595 /* NewsMLUITests.swift in Sources */,
			);
			runOnlyForDeploymentPostprocessing = 0;
		};
/* End PBXSourcesBuildPhase section */

/* Begin PBXTargetDependency section */
		770BEC002191806C002AA595 /* PBXTargetDependency */ = {
			isa = PBXTargetDependency;
			target = 770BEBE92191806B002AA595 /* NewsML */;
			targetProxy = 770BEBFF2191806C002AA595 /* PBXContainerItemProxy */;
		};
		770BEC0B2191806C002AA595 /* PBXTargetDependency */ = {
			isa = PBXTargetDependency;
			target = 770BEBE92191806B002AA595 /* NewsML */;
			targetProxy = 770BEC0A2191806C002AA595 /* PBXContainerItemProxy */;
		};
/* End PBXTargetDependency section */

/* Begin PBXVariantGroup section */
		770BEBF12191806B002AA595 /* Main.storyboard */ = {
			isa = PBXVariantGroup;
			children = (
				770BEBF22191806B002AA595 /* Base */,
			);
			name = Main.storyboard;
			sourceTree = "<group>";
		};
		770BEBF62191806C002AA595 /* LaunchScreen.storyboard */ = {
			isa = PBXVariantGroup;
			children = (
				770BEBF72191806C002AA595 /* Base */,
			);
			name = LaunchScreen.storyboard;
			sourceTree = "<group>";
		};
/* End PBXVariantGroup section */

/* Begin XCBuildConfiguration section */
		770BEC102191806C002AA595 /* Debug */ = {
			isa = XCBuildConfiguration;
			buildSettings = {
				ALWAYS_SEARCH_USER_PATHS = NO;
				CLANG_ANALYZER_NONNULL = YES;
				CLANG_ANALYZER_NUMBER_OBJECT_CONVERSION = YES_AGGRESSIVE;
				CLANG_CXX_LANGUAGE_STANDARD = "gnu++14";
				CLANG_CXX_LIBRARY = "libc++";
				CLANG_ENABLE_MODULES = YES;
				CLANG_ENABLE_OBJC_ARC = YES;
				CLANG_ENABLE_OBJC_WEAK = YES;
				CLANG_WARN_BLOCK_CAPTURE_AUTORELEASING = YES;
				CLANG_WARN_BOOL_CONVERSION = YES;
				CLANG_WARN_COMMA = YES;
				CLANG_WARN_CONSTANT_CONVERSION = YES;
				CLANG_WARN_DEPRECATED_OBJC_IMPLEMENTATIONS = YES;
				CLANG_WARN_DIRECT_OBJC_ISA_USAGE = YES_ERROR;
				CLANG_WARN_DOCUMENTATION_COMMENTS = YES;
				CLANG_WARN_EMPTY_BODY = YES;
				CLANG_WARN_ENUM_CONVERSION = YES;
				CLANG_WARN_INFINITE_RECURSION = YES;
				CLANG_WARN_INT_CONVERSION = YES;
				CLANG_WARN_NON_LITERAL_NULL_CONVERSION = YES;
				CLANG_WARN_OBJC_IMPLICIT_RETAIN_SELF = YES;
				CLANG_WARN_OBJC_LITERAL_CONVERSION = YES;
				CLANG_WARN_OBJC_ROOT_CLASS = YES_ERROR;
				CLANG_WARN_RANGE_LOOP_ANALYSIS = YES;
				CLANG_WARN_STRICT_PROTOTYPES = YES;
				CLANG_WARN_SUSPICIOUS_MOVE = YES;
				CLANG_WARN_UNGUARDED_AVAILABILITY = YES_AGGRESSIVE;
				CLANG_WARN_UNREACHABLE_CODE = YES;
				CLANG_WARN__DUPLICATE_METHOD_MATCH = YES;
				CODE_SIGN_IDENTITY = "iPhone Developer";
				COPY_PHASE_STRIP = NO;
				DEBUG_INFORMATION_FORMAT = dwarf;
				ENABLE_STRICT_OBJC_MSGSEND = YES;
				ENABLE_TESTABILITY = YES;
				GCC_C_LANGUAGE_STANDARD = gnu11;
				GCC_DYNAMIC_NO_PIC = NO;
				GCC_NO_COMMON_BLOCKS = YES;
				GCC_OPTIMIZATION_LEVEL = 0;
				GCC_PREPROCESSOR_DEFINITIONS = (
					"DEBUG=1",
					"$(inherited)",
				);
				GCC_WARN_64_TO_32_BIT_CONVERSION = YES;
				GCC_WARN_ABOUT_RETURN_TYPE = YES_ERROR;
				GCC_WARN_UNDECLARED_SELECTOR = YES;
				GCC_WARN_UNINITIALIZED_AUTOS = YES_AGGRESSIVE;
				GCC_WARN_UNUSED_FUNCTION = YES;
				GCC_WARN_UNUSED_VARIABLE = YES;
				IPHONEOS_DEPLOYMENT_TARGET = 12.1;
				MTL_ENABLE_DEBUG_INFO = INCLUDE_SOURCE;
				MTL_FAST_MATH = YES;
				ONLY_ACTIVE_ARCH = YES;
				SDKROOT = iphoneos;
				SWIFT_ACTIVE_COMPILATION_CONDITIONS = DEBUG;
				SWIFT_OPTIMIZATION_LEVEL = "-Onone";
			};
			name = Debug;
		};
		770BEC112191806C002AA595 /* Release */ = {
			isa = XCBuildConfiguration;
			buildSettings = {
				ALWAYS_SEARCH_USER_PATHS = NO;
				CLANG_ANALYZER_NONNULL = YES;
				CLANG_ANALYZER_NUMBER_OBJECT_CONVERSION = YES_AGGRESSIVE;
				CLANG_CXX_LANGUAGE_STANDARD = "gnu++14";
				CLANG_CXX_LIBRARY = "libc++";
				CLANG_ENABLE_MODULES = YES;
				CLANG_ENABLE_OBJC_ARC = YES;
				CLANG_ENABLE_OBJC_WEAK = YES;
				CLANG_WARN_BLOCK_CAPTURE_AUTORELEASING = YES;
				CLANG_WARN_BOOL_CONVERSION = YES;
				CLANG_WARN_COMMA = YES;
				CLANG_WARN_CONSTANT_CONVERSION = YES;
				CLANG_WARN_DEPRECATED_OBJC_IMPLEMENTATIONS = YES;
				CLANG_WARN_DIRECT_OBJC_ISA_USAGE = YES_ERROR;
				CLANG_WARN_DOCUMENTATION_COMMENTS = YES;
				CLANG_WARN_EMPTY_BODY = YES;
				CLANG_WARN_ENUM_CONVERSION = YES;
				CLANG_WARN_INFINITE_RECURSION = YES;
				CLANG_WARN_INT_CONVERSION = YES;
				CLANG_WARN_NON_LITERAL_NULL_CONVERSION = YES;
				CLANG_WARN_OBJC_IMPLICIT_RETAIN_SELF = YES;
				CLANG_WARN_OBJC_LITERAL_CONVERSION = YES;
				CLANG_WARN_OBJC_ROOT_CLASS = YES_ERROR;
				CLANG_WARN_RANGE_LOOP_ANALYSIS = YES;
				CLANG_WARN_STRICT_PROTOTYPES = YES;
				CLANG_WARN_SUSPICIOUS_MOVE = YES;
				CLANG_WARN_UNGUARDED_AVAILABILITY = YES_AGGRESSIVE;
				CLANG_WARN_UNREACHABLE_CODE = YES;
				CLANG_WARN__DUPLICATE_METHOD_MATCH = YES;
				CODE_SIGN_IDENTITY = "iPhone Developer";
				COPY_PHASE_STRIP = NO;
				DEBUG_INFORMATION_FORMAT = "dwarf-with-dsym";
				ENABLE_NS_ASSERTIONS = NO;
				ENABLE_STRICT_OBJC_MSGSEND = YES;
				GCC_C_LANGUAGE_STANDARD = gnu11;
				GCC_NO_COMMON_BLOCKS = YES;
				GCC_WARN_64_TO_32_BIT_CONVERSION = YES;
				GCC_WARN_ABOUT_RETURN_TYPE = YES_ERROR;
				GCC_WARN_UNDECLARED_SELECTOR = YES;
				GCC_WARN_UNINITIALIZED_AUTOS = YES_AGGRESSIVE;
				GCC_WARN_UNUSED_FUNCTION = YES;
				GCC_WARN_UNUSED_VARIABLE = YES;
				IPHONEOS_DEPLOYMENT_TARGET = 12.1;
				MTL_ENABLE_DEBUG_INFO = NO;
				MTL_FAST_MATH = YES;
				SDKROOT = iphoneos;
				SWIFT_COMPILATION_MODE = wholemodule;
				SWIFT_OPTIMIZATION_LEVEL = "-O";
				VALIDATE_PRODUCT = YES;
			};
			name = Release;
		};
		770BEC132191806C002AA595 /* Debug */ = {
			isa = XCBuildConfiguration;
			baseConfigurationReference = 214B89D89EF0A2E3C798CC04 /* Pods-NewsML.debug.xcconfig */;
			buildSettings = {
				ASSETCATALOG_COMPILER_APPICON_NAME = AppIcon;
				CODE_SIGN_STYLE = Automatic;
				DEVELOPMENT_TEAM = DA8CC8669S;
				INFOPLIST_FILE = NewsML/Info.plist;
				LD_RUNPATH_SEARCH_PATHS = (
					"$(inherited)",
					"@executable_path/Frameworks",
				);
				PRODUCT_BUNDLE_IDENTIFIER = Ibtidah.NewsML;
				PRODUCT_NAME = "$(TARGET_NAME)";
				SWIFT_VERSION = 4.2;
				TARGETED_DEVICE_FAMILY = "1,2";
			};
			name = Debug;
		};
		770BEC142191806C002AA595 /* Release */ = {
			isa = XCBuildConfiguration;
			baseConfigurationReference = 8118A0A6048AFBD311BF4F9B /* Pods-NewsML.release.xcconfig */;
			buildSettings = {
				ASSETCATALOG_COMPILER_APPICON_NAME = AppIcon;
				CODE_SIGN_STYLE = Automatic;
				DEVELOPMENT_TEAM = DA8CC8669S;
				INFOPLIST_FILE = NewsML/Info.plist;
				LD_RUNPATH_SEARCH_PATHS = (
					"$(inherited)",
					"@executable_path/Frameworks",
				);
				PRODUCT_BUNDLE_IDENTIFIER = Ibtidah.NewsML;
				PRODUCT_NAME = "$(TARGET_NAME)";
				SWIFT_VERSION = 4.2;
				TARGETED_DEVICE_FAMILY = "1,2";
			};
			name = Release;
		};
		770BEC162191806C002AA595 /* Debug */ = {
			isa = XCBuildConfiguration;
			baseConfigurationReference = ECD8AEB4F6619FE930F196F4 /* Pods-NewsMLTests.debug.xcconfig */;
			buildSettings = {
				ALWAYS_EMBED_SWIFT_STANDARD_LIBRARIES = YES;
				BUNDLE_LOADER = "$(TEST_HOST)";
				CODE_SIGN_STYLE = Automatic;
				DEVELOPMENT_TEAM = DA8CC8669S;
				INFOPLIST_FILE = NewsMLTests/Info.plist;
				LD_RUNPATH_SEARCH_PATHS = (
					"$(inherited)",
					"@executable_path/Frameworks",
					"@loader_path/Frameworks",
				);
				PRODUCT_BUNDLE_IDENTIFIER = Ibtidah.NewsMLTests;
				PRODUCT_NAME = "$(TARGET_NAME)";
				SWIFT_VERSION = 4.2;
				TARGETED_DEVICE_FAMILY = "1,2";
				TEST_HOST = "$(BUILT_PRODUCTS_DIR)/NewsML.app/NewsML";
			};
			name = Debug;
		};
		770BEC172191806C002AA595 /* Release */ = {
			isa = XCBuildConfiguration;
			baseConfigurationReference = 0B548E1DD369D432263F123E /* Pods-NewsMLTests.release.xcconfig */;
			buildSettings = {
				ALWAYS_EMBED_SWIFT_STANDARD_LIBRARIES = YES;
				BUNDLE_LOADER = "$(TEST_HOST)";
				CODE_SIGN_STYLE = Automatic;
				DEVELOPMENT_TEAM = DA8CC8669S;
				INFOPLIST_FILE = NewsMLTests/Info.plist;
				LD_RUNPATH_SEARCH_PATHS = (
					"$(inherited)",
					"@executable_path/Frameworks",
					"@loader_path/Frameworks",
				);
				PRODUCT_BUNDLE_IDENTIFIER = Ibtidah.NewsMLTests;
				PRODUCT_NAME = "$(TARGET_NAME)";
				SWIFT_VERSION = 4.2;
				TARGETED_DEVICE_FAMILY = "1,2";
				TEST_HOST = "$(BUILT_PRODUCTS_DIR)/NewsML.app/NewsML";
			};
			name = Release;
		};
		770BEC192191806C002AA595 /* Debug */ = {
			isa = XCBuildConfiguration;
			baseConfigurationReference = F16BE02EB06C4AA7E8AF3548 /* Pods-NewsMLUITests.debug.xcconfig */;
			buildSettings = {
				ALWAYS_EMBED_SWIFT_STANDARD_LIBRARIES = YES;
				CODE_SIGN_STYLE = Automatic;
				DEVELOPMENT_TEAM = DA8CC8669S;
				INFOPLIST_FILE = NewsMLUITests/Info.plist;
				LD_RUNPATH_SEARCH_PATHS = (
					"$(inherited)",
					"@executable_path/Frameworks",
					"@loader_path/Frameworks",
				);
				PRODUCT_BUNDLE_IDENTIFIER = Ibtidah.NewsMLUITests;
				PRODUCT_NAME = "$(TARGET_NAME)";
				SWIFT_VERSION = 4.2;
				TARGETED_DEVICE_FAMILY = "1,2";
				TEST_TARGET_NAME = NewsML;
			};
			name = Debug;
		};
		770BEC1A2191806C002AA595 /* Release */ = {
			isa = XCBuildConfiguration;
			baseConfigurationReference = 0CAB77D9C503FC4F3349355B /* Pods-NewsMLUITests.release.xcconfig */;
			buildSettings = {
				ALWAYS_EMBED_SWIFT_STANDARD_LIBRARIES = YES;
				CODE_SIGN_STYLE = Automatic;
				DEVELOPMENT_TEAM = DA8CC8669S;
				INFOPLIST_FILE = NewsMLUITests/Info.plist;
				LD_RUNPATH_SEARCH_PATHS = (
					"$(inherited)",
					"@executable_path/Frameworks",
					"@loader_path/Frameworks",
				);
				PRODUCT_BUNDLE_IDENTIFIER = Ibtidah.NewsMLUITests;
				PRODUCT_NAME = "$(TARGET_NAME)";
				SWIFT_VERSION = 4.2;
				TARGETED_DEVICE_FAMILY = "1,2";
				TEST_TARGET_NAME = NewsML;
			};
			name = Release;
		};
/* End XCBuildConfiguration section */

/* Begin XCConfigurationList section */
		770BEBE52191806B002AA595 /* Build configuration list for PBXProject "NewsML" */ = {
			isa = XCConfigurationList;
			buildConfigurations = (
				770BEC102191806C002AA595 /* Debug */,
				770BEC112191806C002AA595 /* Release */,
			);
			defaultConfigurationIsVisible = 0;
			defaultConfigurationName = Release;
		};
		770BEC122191806C002AA595 /* Build configuration list for PBXNativeTarget "NewsML" */ = {
			isa = XCConfigurationList;
			buildConfigurations = (
				770BEC132191806C002AA595 /* Debug */,
				770BEC142191806C002AA595 /* Release */,
			);
			defaultConfigurationIsVisible = 0;
			defaultConfigurationName = Release;
		};
		770BEC152191806C002AA595 /* Build configuration list for PBXNativeTarget "NewsMLTests" */ = {
			isa = XCConfigurationList;
			buildConfigurations = (
				770BEC162191806C002AA595 /* Debug */,
				770BEC172191806C002AA595 /* Release */,
			);
			defaultConfigurationIsVisible = 0;
			defaultConfigurationName = Release;
		};
		770BEC182191806C002AA595 /* Build configuration list for PBXNativeTarget "NewsMLUITests" */ = {
			isa = XCConfigurationList;
			buildConfigurations = (
				770BEC192191806C002AA595 /* Debug */,
				770BEC1A2191806C002AA595 /* Release */,
			);
			defaultConfigurationIsVisible = 0;
			defaultConfigurationName = Release;
		};
/* End XCConfigurationList section */
	};
	rootObject = 770BEBE22191806B002AA595 /* Project object */;
}
